{
  "nodes": {
    "darwin": {
      "inputs": {
        "nixpkgs": [
          "nixpkgs"
        ]
      },
      "locked": {
        "lastModified": 1695686713,
        "narHash": "sha256-rJATx5B/nwlBpt7CJUf85LV27qWPbul5UVV8fu6ABPg=",
        "owner": "lnl7",
        "repo": "nix-darwin",
        "rev": "e236a1e598a9a59265897948ac9874c364b9555f",
        "type": "github"
      },
      "original": {
        "owner": "lnl7",
        "ref": "master",
        "repo": "nix-darwin",
        "type": "github"
      }
    },
    "home-manager": {
      "inputs": {
        "nixpkgs": [
          "nixpkgs"
        ]
      },
      "locked": {
        "lastModified": 1695738267,
        "narHash": "sha256-LTNAbTQ96xSj17xBfsFrFS9i56U2BMLpD0BduhrsVkU=",
        "owner": "nix-community",
        "repo": "home-manager",
        "rev": "0f4e5b4999fd6a42ece5da8a3a2439a50e48e486",
        "type": "github"
      },
      "original": {
        "owner": "nix-community",
        "ref": "master",
        "repo": "home-manager",
        "type": "github"
      }
    },
    "nixpkgs": {
      "locked": {
        "lastModified": 1695824578,
        "narHash": "sha256-18CKXq2D33E2TBLRbRm9Hda/7y0qSeUJsr1hS7rlhQk=",
        "owner": "NixOS",
        "repo": "nixpkgs",
        "rev": "b9bff72147e372c5a3d9856210dfb5f4fbf4d97a",
        "type": "github"
      },
      "original": {
        "owner": "NixOS",
        "ref": "master",
        "repo": "nixpkgs",
        "type": "github"
      }
    },
    "root": {
      "inputs": {
        "darwin": "darwin",
        "home-manager": "home-manager",
        "nixpkgs": "nixpkgs"
      }
    }
  },
  "root": "root",
  "version": 7
}
